# Python 3.12.3; generated from the final-revision development environment.
chdb==4.2.1 --hash=sha256:b5ae04ed5e1d6b51acfe7e2d6efbb176027ef09c3ed2255c6ca439a077a4aa1e
chdb-core==26.5.0 --hash=sha256:85ddbf675b4a070aa5abb79456b0a08643273dcf3977dc39f347c8acf846c804
cloudpickle==3.1.2 --hash=sha256:9acb47f6afd73f60dc1df93bb801b472f05ff42fa6c84167d25cb206be1fbf4a
datafusion==54.0.0 --hash=sha256:3bcd4d213fa74710e75e6e182cc468c2bdbc5ffc74a08c8155d414fbbfa1b3f6
duckdb==1.5.5 --hash=sha256:7a6d2d11859d82a936ebdcb30ce3d8a1cbb3e990bff05c12abb9b54c44fa7bd1
iniconfig==2.3.0 --hash=sha256:f631c04d2c48c52b84d0d0549c99ff3859c98df65b3101406327ecc7d53fbf12
numpy==2.5.0 --hash=sha256:aaa760137137e8d3c920d27927748215b56014f92667dc9b6c27dfc61249255a
packaging==26.2 --hash=sha256:5fc45236b9446107ff2415ce77c807cee2862cb6fac22b8a73826d0693b0980e
pandas==3.0.5 --hash=sha256:d373ce03ffd84010ed9839fa73672a9c8256990532e158440c0085db7d914b34
pluggy==1.6.0 --hash=sha256:e920276dd6813095e9377c0bc5566d94c932c33b27a3e3945d8389c374dd4746
polars==1.43.0 --hash=sha256:c49078b14e2d6b8ff5cc5b78b6d9638603ea5dffafb889d9204818822f55b813
polars-runtime-32==1.43.0 --hash=sha256:3ecc8feaf04de5989a29245885921db612ef1ce9065e5cb6ec37495acfa55bba
pyarrow==25.0.0 --hash=sha256:5d1dbf24e151042f2fa3c129563f65d66674128868496fb008c4272b16bdf778
Pygments==2.20.0 --hash=sha256:81a9e26dd42fd28a23a2d169d86d7ac03b46e2f8b59ed4698fb4785f946d0176
pysqlite3-binary==0.5.4.post2 --hash=sha256:b6162cd966fa563fe85b5372c3e61d11dd7903bd0f09cc185cb0a4c9125f4a0f
pytest==9.1.1 --hash=sha256:37a86b45efb9a47a61a36449063e8e18d0cab3161329fc099eb21783169c4f0c
python-dateutil==2.9.0.post0 --hash=sha256:a8b2bc7bffae282281c8140a97d3aa9c14da0b136dfe83f850eea9a5f7470427
setuptools==82.0.1 --hash=sha256:a59e362652f08dcd477c78bb6e7bd9d80a7995bc73ce773050228a348ce2e5bb
six==1.17.0 --hash=sha256:4721f391ed90541fddacab5acf947aa0d3dc7d27b2e1e8eda2be8970586c3274
typing_extensions==4.16.0 --hash=sha256:481caa481374e813c1b176ada14e97f1f67a4539ce9cfeb3f350d78d6370c2e8
wheel==0.47.0 --hash=sha256:212281cab4dff978f6cedd499cd893e1f620791ca6ff7107cf270781e587eced
